Microsoft Visual Studio Solution File, Format Version 12.00
# Visual Studio Version 17
VisualStudioVersion = 17.5.2.0
MinimumVisualStudioVersion = 10.0.40219.1
Project("{FAE04EC0-301F-11D3-BF4B-00C04F79EFBC}") = "jira-collector", "jira-collector.csproj", "{6661F747-FC59-E8DB-D390-DDD36F926836}"
EndProject
Global
	GlobalSection(SolutionConfigurationPlatforms) = preSolution
		Debug|Any CPU = Debug|Any CPU
		Release|Any CPU = Release|Any CPU
	EndGlobalSection
	GlobalSection(ProjectConfigurationPlatforms) = postSolution
		{6661F747-FC59-E8DB-D390-DDD36F926836}.Debug|Any CPU.ActiveCfg = Debug|Any CPU
		{6661F747-FC59-E8DB-D390-DDD36F926836}.Debug|Any CPU.Build.0 = Debug|Any CPU
		{6661F747-FC59-E8DB-D390-DDD36F926836}.Release|Any CPU.ActiveCfg = Release|Any CPU
		{6661F747-FC59-E8DB-D390-DDD36F926836}.Release|Any CPU.Build.0 = Release|Any CPU
	EndGlobalSection
	GlobalSection(SolutionProperties) = preSolution
		HideSolutionNode = FALSE
	EndGlobalSection
	GlobalSection(ExtensibilityGlobals) = postSolution
		SolutionGuid = {9E2D3334-7A2C-4D97-AC43-FE6368D2DA5C}
	EndGlobalSection
EndGlobal
